
Microsoft Visual Studio Solution File, Format Version 12.00
# Visual Studio Version 16
VisualStudioVersion = 16.0.29326.143
MinimumVisualStudioVersion = 10.0.40219.1
Project("{FAE04EC0-301F-11D3-BF4B-00C04F79EFBC}") = "LongGone", "LongGone\LongGone.csproj", "{4DE71854-5AD6-4BD8-9FFE-04FF14208A4A}"
EndProject
Global
	GlobalSection(SolutionConfigurationPlatforms) = preSolution
		Debug|Any CPU = Debug|Any CPU
		Release|Any CPU = Release|Any CPU
	EndGlobalSection
	GlobalSection(ProjectConfigurationPlatforms) = postSolution
		{4DE71854-5AD6-4BD8-9FFE-04FF14208A4A}.Debug|Any CPU.ActiveCfg = Debug|Any CPU
		{4DE71854-5AD6-4BD8-9FFE-04FF14208A4A}.Debug|Any CPU.Build.0 = Debug|Any CPU
		{4DE71854-5AD6-4BD8-9FFE-04FF14208A4A}.Release|Any CPU.ActiveCfg = Release|Any CPU
		{4DE71854-5AD6-4BD8-9FFE-04FF14208A4A}.Release|Any CPU.Build.0 = Release|Any CPU
	EndGlobalSection
	GlobalSection(SolutionProperties) = preSolution
		HideSolutionNode = FALSE
	EndGlobalSection
	GlobalSection(ExtensibilityGlobals) = postSolution
		SolutionGuid = {F5D17D4C-A78A-4A46-9243-5FD5198FEB5C}
	EndGlobalSection
EndGlobal
